
Microsoft Visual Studio Solution File, Format Version 12.00
# Visual Studio 14
VisualStudioVersion = 14.0.25420.1
MinimumVisualStudioVersion = 10.0.40219.1
Project("{2150E333-8FDC-42A3-9474-1A3956D46DE8}") = "user1", "user1", "{DC4FA8F7-EB7D-4936-9BA5-3D47FD79C2D2}"
EndProject
Project("{2150E333-8FDC-42A3-9474-1A3956D46DE8}") = "user7", "user7", "{9A64ADF3-181F-40CC-AF99-93BA919D9AD8}"
EndProject
Project("{2150E333-8FDC-42A3-9474-1A3956D46DE8}") = "user8", "user8", "{FF6B164A-FED1-4E92-A85A-C41A9E0B2489}"
EndProject
Project("{8BC9CEB8-8B4A-11D0-8D11-00A0C91BC942}") = "1", "user1\1\1.vcxproj", "{0284FBF0-3453-4AB0-90F4-45C7F11FC0E1}"
EndProject
Project("{8BC9CEB8-8B4A-11D0-8D11-00A0C91BC942}") = "2", "user1\2\2.vcxproj", "{90BED014-7254-4AC1-8AB2-142F3758A8BF}"
EndProject
Project("{8BC9CEB8-8B4A-11D0-8D11-00A0C91BC942}") = "3", "user1\3\3.vcxproj", "{9D78AAA2-D5B8-42B9-BDAE-D363F5FBD3F1}"
EndProject
Project("{8BC9CEB8-8B4A-11D0-8D11-00A0C91BC942}") = "1", "user7\1\1.vcxproj", "{A53CB9D9-8B65-4C74-8811-2BB75996C1BD}"
EndProject
Project("{8BC9CEB8-8B4A-11D0-8D11-00A0C91BC942}") = "2", "user7\2\2.vcxproj", "{9B725C0A-2D73-458D-BABE-0F6B0AD90007}"
EndProject
Project("{8BC9CEB8-8B4A-11D0-8D11-00A0C91BC942}") = "3", "user7\3\3.vcxproj", "{7CE32E60-1CE4-4347-861F-BCC18308755A}"
EndProject
Project("{8BC9CEB8-8B4A-11D0-8D11-00A0C91BC942}") = "1", "user8\1\1.vcxproj", "{910CA2D9-4C5A-49C2-A9D2-796400F4179E}"
EndProject
Project("{8BC9CEB8-8B4A-11D0-8D11-00A0C91BC942}") = "2", "user8\2\2.vcxproj", "{417D859F-716C-4344-87B3-509FB06BC0AC}"
EndProject
Project("{8BC9CEB8-8B4A-11D0-8D11-00A0C91BC942}") = "3", "user8\3\3.vcxproj", "{CC0BAF38-B106-4741-9A28-7C9C2AB390D0}"
EndProject
Project("{8BC9CEB8-8B4A-11D0-8D11-00A0C91BC942}") = "5", "5\5.vcxproj", "{B6A46E4B-6EBE-44FD-B814-3B72EECB19E2}"
EndProject
Project("{8BC9CEB8-8B4A-11D0-8D11-00A0C91BC942}") = "6", "6\6.vcxproj", "{59B216D3-E6E5-4FB9-B360-67E6F9D82DF1}"
EndProject
Global
	GlobalSection(SolutionConfigurationPlatforms) = preSolution
		Debug|x64 = Debug|x64
		Debug|x86 = Debug|x86
		Release|x64 = Release|x64
		Release|x86 = Release|x86
	EndGlobalSection
	GlobalSection(ProjectConfigurationPlatforms) = postSolution
		{0284FBF0-3453-4AB0-90F4-45C7F11FC0E1}.Debug|x64.ActiveCfg = Debug|x64
		{0284FBF0-3453-4AB0-90F4-45C7F11FC0E1}.Debug|x64.Build.0 = Debug|x64
		{0284FBF0-3453-4AB0-90F4-45C7F11FC0E1}.Debug|x86.ActiveCfg = Debug|Win32
		{0284FBF0-3453-4AB0-90F4-45C7F11FC0E1}.Debug|x86.Build.0 = Debug|Win32
		{0284FBF0-3453-4AB0-90F4-45C7F11FC0E1}.Release|x64.ActiveCfg = Release|x64
		{0284FBF0-3453-4AB0-90F4-45C7F11FC0E1}.Release|x64.Build.0 = Release|x64
		{0284FBF0-3453-4AB0-90F4-45C7F11FC0E1}.Release|x86.ActiveCfg = Release|Win32
		{0284FBF0-3453-4AB0-90F4-45C7F11FC0E1}.Release|x86.Build.0 = Release|Win32
		{90BED014-7254-4AC1-8AB2-142F3758A8BF}.Debug|x64.ActiveCfg = Debug|x64
		{90BED014-7254-4AC1-8AB2-142F3758A8BF}.Debug|x64.Build.0 = Debug|x64
		{90BED014-7254-4AC1-8AB2-142F3758A8BF}.Debug|x86.ActiveCfg = Debug|Win32
		{90BED014-7254-4AC1-8AB2-142F3758A8BF}.Debug|x86.Build.0 = Debug|Win32
		{90BED014-7254-4AC1-8AB2-142F3758A8BF}.Release|x64.ActiveCfg = Release|x64
		{90BED014-7254-4AC1-8AB2-142F3758A8BF}.Release|x64.Build.0 = Release|x64
		{90BED014-7254-4AC1-8AB2-142F3758A8BF}.Release|x86.ActiveCfg = Release|Win32
		{90BED014-7254-4AC1-8AB2-142F3758A8BF}.Release|x86.Build.0 = Release|Win32
		{9D78AAA2-D5B8-42B9-BDAE-D363F5FBD3F1}.Debug|x64.ActiveCfg = Debug|x64
		{9D78AAA2-D5B8-42B9-BDAE-D363F5FBD3F1}.Debug|x64.Build.0 = Debug|x64
		{9D78AAA2-D5B8-42B9-BDAE-D363F5FBD3F1}.Debug|x86.ActiveCfg = Debug|Win32
		{9D78AAA2-D5B8-42B9-BDAE-D363F5FBD3F1}.Debug|x86.Build.0 = Debug|Win32
		{9D78AAA2-D5B8-42B9-BDAE-D363F5FBD3F1}.Release|x64.ActiveCfg = Release|x64
		{9D78AAA2-D5B8-42B9-BDAE-D363F5FBD3F1}.Release|x64.Build.0 = Release|x64
		{9D78AAA2-D5B8-42B9-BDAE-D363F5FBD3F1}.Release|x86.ActiveCfg = Release|Win32
		{9D78AAA2-D5B8-42B9-BDAE-D363F5FBD3F1}.Release|x86.Build.0 = Release|Win32
		{A53CB9D9-8B65-4C74-8811-2BB75996C1BD}.Debug|x64.ActiveCfg = Debug|x64
		{A53CB9D9-8B65-4C74-8811-2BB75996C1BD}.Debug|x64.Build.0 = Debug|x64
		{A53CB9D9-8B65-4C74-8811-2BB75996C1BD}.Debug|x86.ActiveCfg = Debug|Win32
		{A53CB9D9-8B65-4C74-8811-2BB75996C1BD}.Debug|x86.Build.0 = Debug|Win32
		{A53CB9D9-8B65-4C74-8811-2BB75996C1BD}.Release|x64.ActiveCfg = Release|x64
		{A53CB9D9-8B65-4C74-8811-2BB75996C1BD}.Release|x64.Build.0 = Release|x64
		{A53CB9D9-8B65-4C74-8811-2BB75996C1BD}.Release|x86.ActiveCfg = Release|Win32
		{A53CB9D9-8B65-4C74-8811-2BB75996C1BD}.Release|x86.Build.0 = Release|Win32
		{9B725C0A-2D73-458D-BABE-0F6B0AD90007}.Debug|x64.ActiveCfg = Debug|x64
		{9B725C0A-2D73-458D-BABE-0F6B0AD90007}.Debug|x64.Build.0 = Debug|x64
		{9B725C0A-2D73-458D-BABE-0F6B0AD90007}.Debug|x86.ActiveCfg = Debug|Win32
		{9B725C0A-2D73-458D-BABE-0F6B0AD90007}.Debug|x86.Build.0 = Debug|Win32
		{9B725C0A-2D73-458D-BABE-0F6B0AD90007}.Release|x64.ActiveCfg = Release|x64
		{9B725C0A-2D73-458D-BABE-0F6B0AD90007}.Release|x64.Build.0 = Release|x64
		{9B725C0A-2D73-458D-BABE-0F6B0AD90007}.Release|x86.ActiveCfg = Release|Win32
		{9B725C0A-2D73-458D-BABE-0F6B0AD90007}.Release|x86.Build.0 = Release|Win32
		{7CE32E60-1CE4-4347-861F-BCC18308755A}.Debug|x64.ActiveCfg = Debug|x64
		{7CE32E60-1CE4-4347-861F-BCC18308755A}.Debug|x64.Build.0 = Debug|x64
		{7CE32E60-1CE4-4347-861F-BCC18308755A}.Debug|x86.ActiveCfg = Debug|Win32
		{7CE32E60-1CE4-4347-861F-BCC18308755A}.Debug|x86.Build.0 = Debug|Win32
		{7CE32E60-1CE4-4347-861F-BCC18308755A}.Release|x64.ActiveCfg = Release|x64
		{7CE32E60-1CE4-4347-861F-BCC18308755A}.Release|x64.Build.0 = Release|x64
		{7CE32E60-1CE4-4347-861F-BCC18308755A}.Release|x86.ActiveCfg = Release|Win32
		{7CE32E60-1CE4-4347-861F-BCC18308755A}.Release|x86.Build.0 = Release|Win32
		{910CA2D9-4C5A-49C2-A9D2-796400F4179E}.Debug|x64.ActiveCfg = Debug|x64
		{910CA2D9-4C5A-49C2-A9D2-796400F4179E}.Debug|x64.Build.0 = Debug|x64
		{910CA2D9-4C5A-49C2-A9D2-796400F4179E}.Debug|x86.ActiveCfg = Debug|Win32
		{910CA2D9-4C5A-49C2-A9D2-796400F4179E}.Debug|x86.Build.0 = Debug|Win32
		{910CA2D9-4C5A-49C2-A9D2-796400F4179E}.Release|x64.ActiveCfg = Release|x64
		{910CA2D9-4C5A-49C2-A9D2-796400F4179E}.Release|x64.Build.0 = Release|x64
		{910CA2D9-4C5A-49C2-A9D2-796400F4179E}.Release|x86.ActiveCfg = Release|Win32
		{910CA2D9-4C5A-49C2-A9D2-796400F4179E}.Release|x86.Build.0 = Release|Win32
		{417D859F-716C-4344-87B3-509FB06BC0AC}.Debug|x64.ActiveCfg = Debug|x64
		{417D859F-716C-4344-87B3-509FB06BC0AC}.Debug|x64.Build.0 = Debug|x64
		{417D859F-716C-4344-87B3-509FB06BC0AC}.Debug|x86.ActiveCfg = Debug|Win32
		{417D859F-716C-4344-87B3-509FB06BC0AC}.Debug|x86.Build.0 = Debug|Win32
		{417D859F-716C-4344-87B3-509FB06BC0AC}.Release|x64.ActiveCfg = Release|x64
		{417D859F-716C-4344-87B3-509FB06BC0AC}.Release|x64.Build.0 = Release|x64
		{417D859F-716C-4344-87B3-509FB06BC0AC}.Release|x86.ActiveCfg = Release|Win32
		{417D859F-716C-4344-87B3-509FB06BC0AC}.Release|x86.Build.0 = Release|Win32
		{CC0BAF38-B106-4741-9A28-7C9C2AB390D0}.Debug|x64.ActiveCfg = Debug|x64
		{CC0BAF38-B106-4741-9A28-7C9C2AB390D0}.Debug|x64.Build.0 = Debug|x64
		{CC0BAF38-B106-4741-9A28-7C9C2AB390D0}.Debug|x86.ActiveCfg = Debug|Win32
		{CC0BAF38-B106-4741-9A28-7C9C2AB390D0}.Debug|x86.Build.0 = Debug|Win32
		{CC0BAF38-B106-4741-9A28-7C9C2AB390D0}.Release|x64.ActiveCfg = Release|x64
		{CC0BAF38-B106-4741-9A28-7C9C2AB390D0}.Release|x64.Build.0 = Release|x64
		{CC0BAF38-B106-4741-9A28-7C9C2AB390D0}.Release|x86.ActiveCfg = Release|Win32
		{CC0BAF38-B106-4741-9A28-7C9C2AB390D0}.Release|x86.Build.0 = Release|Win32
		{B6A46E4B-6EBE-44FD-B814-3B72EECB19E2}.Debug|x64.ActiveCfg = Debug|x64
		{B6A46E4B-6EBE-44FD-B814-3B72EECB19E2}.Debug|x64.Build.0 = Debug|x64
		{B6A46E4B-6EBE-44FD-B814-3B72EECB19E2}.Debug|x86.ActiveCfg = Debug|Win32
		{B6A46E4B-6EBE-44FD-B814-3B72EECB19E2}.Debug|x86.Build.0 = Debug|Win32
		{B6A46E4B-6EBE-44FD-B814-3B72EECB19E2}.Release|x64.ActiveCfg = Release|x64
		{B6A46E4B-6EBE-44FD-B814-3B72EECB19E2}.Release|x64.Build.0 = Release|x64
		{B6A46E4B-6EBE-44FD-B814-3B72EECB19E2}.Release|x86.ActiveCfg = Release|Win32
		{B6A46E4B-6EBE-44FD-B814-3B72EECB19E2}.Release|x86.Build.0 = Release|Win32
		{59B216D3-E6E5-4FB9-B360-67E6F9D82DF1}.Debug|x64.ActiveCfg = Debug|x64
		{59B216D3-E6E5-4FB9-B360-67E6F9D82DF1}.Debug|x64.Build.0 = Debug|x64
		{59B216D3-E6E5-4FB9-B360-67E6F9D82DF1}.Debug|x86.ActiveCfg = Debug|Win32
		{59B216D3-E6E5-4FB9-B360-67E6F9D82DF1}.Debug|x86.Build.0 = Debug|Win32
		{59B216D3-E6E5-4FB9-B360-67E6F9D82DF1}.Release|x64.ActiveCfg = Release|x64
		{59B216D3-E6E5-4FB9-B360-67E6F9D82DF1}.Release|x64.Build.0 = Release|x64
		{59B216D3-E6E5-4FB9-B360-67E6F9D82DF1}.Release|x86.ActiveCfg = Release|Win32
		{59B216D3-E6E5-4FB9-B360-67E6F9D82DF1}.Release|x86.Build.0 = Release|Win32
	EndGlobalSection
	GlobalSection(SolutionProperties) = preSolution
		HideSolutionNode = FALSE
	EndGlobalSection
	GlobalSection(NestedProjects) = preSolution
		{0284FBF0-3453-4AB0-90F4-45C7F11FC0E1} = {DC4FA8F7-EB7D-4936-9BA5-3D47FD79C2D2}
		{90BED014-7254-4AC1-8AB2-142F3758A8BF} = {DC4FA8F7-EB7D-4936-9BA5-3D47FD79C2D2}
		{9D78AAA2-D5B8-42B9-BDAE-D363F5FBD3F1} = {DC4FA8F7-EB7D-4936-9BA5-3D47FD79C2D2}
		{A53CB9D9-8B65-4C74-8811-2BB75996C1BD} = {9A64ADF3-181F-40CC-AF99-93BA919D9AD8}
		{9B725C0A-2D73-458D-BABE-0F6B0AD90007} = {9A64ADF3-181F-40CC-AF99-93BA919D9AD8}
		{7CE32E60-1CE4-4347-861F-BCC18308755A} = {9A64ADF3-181F-40CC-AF99-93BA919D9AD8}
		{910CA2D9-4C5A-49C2-A9D2-796400F4179E} = {FF6B164A-FED1-4E92-A85A-C41A9E0B2489}
		{417D859F-716C-4344-87B3-509FB06BC0AC} = {FF6B164A-FED1-4E92-A85A-C41A9E0B2489}
		{CC0BAF38-B106-4741-9A28-7C9C2AB390D0} = {FF6B164A-FED1-4E92-A85A-C41A9E0B2489}
		{B6A46E4B-6EBE-44FD-B814-3B72EECB19E2} = {DC4FA8F7-EB7D-4936-9BA5-3D47FD79C2D2}
		{59B216D3-E6E5-4FB9-B360-67E6F9D82DF1} = {DC4FA8F7-EB7D-4936-9BA5-3D47FD79C2D2}
	EndGlobalSection
	GlobalSection(ExtensibilityGlobals) = postSolution
		SolutionGuid = {7FEDDC27-CEE3-4B87-80D0-3011D607527C}
	EndGlobalSection
EndGlobal
